
Microsoft Visual Studio Solution File, Format Version 12.00
# Visual Studio Version 17
VisualStudioVersion = 17.14.36221.1 d17.14
MinimumVisualStudioVersion = 10.0.40219.1
Project("{FAE04EC0-301F-11D3-BF4B-00C04F79EFBC}") = "Employee1", "Employee1\Employee1.csproj", "{3C8F7870-C346-4F23-BBE3-731249FA3D36}"
EndProject
Project("{FAE04EC0-301F-11D3-BF4B-00C04F79EFBC}") = "Employee2", "..\Employee2\Employee2.csproj", "{BB979AEA-8890-4F5E-9A64-E66975F00ABA}"
EndProject
Global
	GlobalSection(SolutionConfigurationPlatforms) = preSolution
		Debug|Any CPU = Debug|Any CPU
		Release|Any CPU = Release|Any CPU
	EndGlobalSection
	GlobalSection(ProjectConfigurationPlatforms) = postSolution
		{3C8F7870-C346-4F23-BBE3-731249FA3D36}.Debug|Any CPU.ActiveCfg = Debug|Any CPU
		{3C8F7870-C346-4F23-BBE3-731249FA3D36}.Debug|Any CPU.Build.0 = Debug|Any CPU
		{3C8F7870-C346-4F23-BBE3-731249FA3D36}.Release|Any CPU.ActiveCfg = Release|Any CPU
		{3C8F7870-C346-4F23-BBE3-731249FA3D36}.Release|Any CPU.Build.0 = Release|Any CPU
		{BB979AEA-8890-4F5E-9A64-E66975F00ABA}.Debug|Any CPU.ActiveCfg = Debug|Any CPU
		{BB979AEA-8890-4F5E-9A64-E66975F00ABA}.Debug|Any CPU.Build.0 = Debug|Any CPU
		{BB979AEA-8890-4F5E-9A64-E66975F00ABA}.Release|Any CPU.ActiveCfg = Release|Any CPU
		{BB979AEA-8890-4F5E-9A64-E66975F00ABA}.Release|Any CPU.Build.0 = Release|Any CPU
	EndGlobalSection
	GlobalSection(SolutionProperties) = preSolution
		HideSolutionNode = FALSE
	EndGlobalSection
	GlobalSection(ExtensibilityGlobals) = postSolution
		SolutionGuid = {498E062D-1B26-41BC-B61F-71B5AF034989}
	EndGlobalSection
EndGlobal
