
Microsoft Visual Studio Solution File, Format Version 12.00
# Visual Studio Version 17
VisualStudioVersion = 17.14.36221.1 d17.14
MinimumVisualStudioVersion = 10.0.40219.1
Project("{FAE04EC0-301F-11D3-BF4B-00C04F79EFBC}") = "FirstWebApp", "FirstWebApp.csproj", "{783A09DF-AB89-44DE-9C5B-0B8A54E55F73}"
EndProject
Global
	GlobalSection(SolutionConfigurationPlatforms) = preSolution
		Debug|Any CPU = Debug|Any CPU
		Release|Any CPU = Release|Any CPU
	EndGlobalSection
	GlobalSection(ProjectConfigurationPlatforms) = postSolution
		{783A09DF-AB89-44DE-9C5B-0B8A54E55F73}.Debug|Any CPU.ActiveCfg = Debug|Any CPU
		{783A09DF-AB89-44DE-9C5B-0B8A54E55F73}.Debug|Any CPU.Build.0 = Debug|Any CPU
		{783A09DF-AB89-44DE-9C5B-0B8A54E55F73}.Release|Any CPU.ActiveCfg = Release|Any CPU
		{783A09DF-AB89-44DE-9C5B-0B8A54E55F73}.Release|Any CPU.Build.0 = Release|Any CPU
	EndGlobalSection
	GlobalSection(SolutionProperties) = preSolution
		HideSolutionNode = FALSE
	EndGlobalSection
	GlobalSection(ExtensibilityGlobals) = postSolution
		SolutionGuid = {49D57A30-F38D-4654-A1CE-19B11536F597}
	EndGlobalSection
EndGlobal
