
Microsoft Visual Studio Solution File, Format Version 12.00
# Visual Studio Version 17
VisualStudioVersion = 17.14.36221.1 d17.14
MinimumVisualStudioVersion = 10.0.40219.1
Project("{FAE04EC0-301F-11D3-BF4B-00C04F79EFBC}") = "FirstProgram", "FirstProgram\FirstProgram.csproj", "{12AAD7CF-FB43-421F-AD91-6A0305E6CA7D}"
EndProject
Project("{FAE04EC0-301F-11D3-BF4B-00C04F79EFBC}") = "FieldProperties", "FieldProperties\FieldProperties.csproj", "{B729604B-3D6E-4982-AC9D-19381B3B56E5}"
EndProject
Global
	GlobalSection(SolutionConfigurationPlatforms) = preSolution
		Debug|Any CPU = Debug|Any CPU
		Release|Any CPU = Release|Any CPU
	EndGlobalSection
	GlobalSection(ProjectConfigurationPlatforms) = postSolution
		{12AAD7CF-FB43-421F-AD91-6A0305E6CA7D}.Debug|Any CPU.ActiveCfg = Debug|Any CPU
		{12AAD7CF-FB43-421F-AD91-6A0305E6CA7D}.Debug|Any CPU.Build.0 = Debug|Any CPU
		{12AAD7CF-FB43-421F-AD91-6A0305E6CA7D}.Release|Any CPU.ActiveCfg = Release|Any CPU
		{12AAD7CF-FB43-421F-AD91-6A0305E6CA7D}.Release|Any CPU.Build.0 = Release|Any CPU
		{B729604B-3D6E-4982-AC9D-19381B3B56E5}.Debug|Any CPU.ActiveCfg = Debug|Any CPU
		{B729604B-3D6E-4982-AC9D-19381B3B56E5}.Debug|Any CPU.Build.0 = Debug|Any CPU
		{B729604B-3D6E-4982-AC9D-19381B3B56E5}.Release|Any CPU.ActiveCfg = Release|Any CPU
		{B729604B-3D6E-4982-AC9D-19381B3B56E5}.Release|Any CPU.Build.0 = Release|Any CPU
	EndGlobalSection
	GlobalSection(SolutionProperties) = preSolution
		HideSolutionNode = FALSE
	EndGlobalSection
	GlobalSection(ExtensibilityGlobals) = postSolution
		SolutionGuid = {AFFD7F10-B0E9-470D-A636-9E20BBAB901B}
	EndGlobalSection
EndGlobal
